// !$*UTF8*$!
{
	archiveVersion = 1;
	classes = {
	};
	objectVersion = 77;
	objects = {

/* Begin PBXBuildFile section */
		2D4D69492F0417B1009C9A7B /* Assets.xcassets in Resources */ = {isa = PBXBuildFile; fileRef = 2D4D69452F0417B1009C9A7B /* Assets.xcassets */; };
		2D4D694A2F0417B1009C9A7B /* MainView.swift in Sources */ = {isa = PBXBuildFile; fileRef = 2D4D69462F0417B1009C9A7B /* MainView.swift */; };
		2D4D694B2F0417B1009C9A7B /* TrollTollApp.swift in Sources */ = {isa = PBXBuildFile; fileRef = 2D4D69472F0417B1009C9A7B /* TrollTollApp.swift */; };
		2D4D694D2F0417C1009C9A7B /* Localizable.xcstrings in Resources */ = {isa = PBXBuildFile; fileRef = 2D4D694C2F0417C1009C9A7B /* Localizable.xcstrings */; };
		2D4D69542F041986009C9A7B /* Router.swift in Sources */ = {isa = PBXBuildFile; fileRef = 2D4D69532F041985009C9A7B /* Router.swift */; };
		2D4D69562F041A61009C9A7B /* LobbyView.swift in Sources */ = {isa = PBXBuildFile; fileRef = 2D4D69552F041A5E009C9A7B /* LobbyView.swift */; };
		2DFFCE142F04285A00EFA68C /* LobbyService.swift in Sources */ = {isa = PBXBuildFile; fileRef = 2DFFCE132F04285400EFA68C /* LobbyService.swift */; };
		2DFFCE162F04287A00EFA68C /* FBLobbyService.swift in Sources */ = {isa = PBXBuildFile; fileRef = 2DFFCE152F04287500EFA68C /* FBLobbyService.swift */; };
		2DFFCE182F0429FD00EFA68C /* Logger.swift in Sources */ = {isa = PBXBuildFile; fileRef = 2DFFCE172F0429FC00EFA68C /* Logger.swift */; };
		2DFFCE1B2F043F1D00EFA68C /* GameView.swift in Sources */ = {isa = PBXBuildFile; fileRef = 2DFFCE1A2F043F1B00EFA68C /* GameView.swift */; };
		2DFFCE222F051A3000EFA68C /* FirebaseAnalytics in Frameworks */ = {isa = PBXBuildFile; productRef = 2DFFCE212F051A3000EFA68C /* FirebaseAnalytics */; };
		2DFFCE242F051A3000EFA68C /* FirebaseAuth in Frameworks */ = {isa = PBXBuildFile; productRef = 2DFFCE232F051A3000EFA68C /* FirebaseAuth */; };
		2DFFCE262F051A3000EFA68C /* FirebaseCrashlytics in Frameworks */ = {isa = PBXBuildFile; productRef = 2DFFCE252F051A3000EFA68C /* FirebaseCrashlytics */; };
		2DFFCE282F051A3000EFA68C /* FirebaseDatabase in Frameworks */ = {isa = PBXBuildFile; productRef = 2DFFCE272F051A3000EFA68C /* FirebaseDatabase */; };
		2DFFCE2A2F051A6F00EFA68C /* GoogleService-Info.plist in Resources */ = {isa = PBXBuildFile; fileRef = 2DFFCE292F051A6F00EFA68C /* GoogleService-Info.plist */; };
		2DFFCE2C2F051A8700EFA68C /* AppDelegate.swift in Sources */ = {isa = PBXBuildFile; fileRef = 2DFFCE2B2F051A8500EFA68C /* AppDelegate.swift */; };
		2DFFCE332F0524F800EFA68C /* Match.swift in Sources */ = {isa = PBXBuildFile; fileRef = 2DFFCE322F0524F600EFA68C /* Match.swift */; };
		2DFFCE352F06868E00EFA68C /* User.swift in Sources */ = {isa = PBXBuildFile; fileRef = 2DFFCE342F06868C00EFA68C /* User.swift */; };
		2DFFCE372F0687BA00EFA68C /* Authenticator.swift in Sources */ = {isa = PBXBuildFile; fileRef = 2DFFCE362F0687B500EFA68C /* Authenticator.swift */; };
		2DFFCE3A2F06881400EFA68C /* FBAuthenticator.swift in Sources */ = {isa = PBXBuildFile; fileRef = 2DFFCE392F06880F00EFA68C /* FBAuthenticator.swift */; };
		2DFFCE3D2F068B8A00EFA68C /* UserRepo.swift in Sources */ = {isa = PBXBuildFile; fileRef = 2DFFCE3C2F068B8700EFA68C /* UserRepo.swift */; };
		2DFFCE3F2F068BBA00EFA68C /* FBUserRepo.swift in Sources */ = {isa = PBXBuildFile; fileRef = 2DFFCE3E2F068BB500EFA68C /* FBUserRepo.swift */; };
		2DFFCE4A2F07AD8100EFA68C /* ToastView.swift in Sources */ = {isa = PBXBuildFile; fileRef = 2DFFCE492F07AD7E00EFA68C /* ToastView.swift */; };
		2DFFCE4C2F07AD9B00EFA68C /* Toast.swift in Sources */ = {isa = PBXBuildFile; fileRef = 2DFFCE4B2F07AD9800EFA68C /* Toast.swift */; };
		2DFFCE4F2F07ADD300EFA68C /* AppColors.swift in Sources */ = {isa = PBXBuildFile; fileRef = 2DFFCE4E2F07ADD200EFA68C /* AppColors.swift */; };
		2DFFCE532F07F04F00EFA68C /* GameService.swift in Sources */ = {isa = PBXBuildFile; fileRef = 2DFFCE522F07F01300EFA68C /* GameService.swift */; };
		2DFFCE552F07F0E200EFA68C /* FBGameService.swift in Sources */ = {isa = PBXBuildFile; fileRef = 2DFFCE542F07F0DE00EFA68C /* FBGameService.swift */; };
		2DFFCE572F082EC000EFA68C /* GameViewModel.swift in Sources */ = {isa = PBXBuildFile; fileRef = 2DFFCE562F082EBD00EFA68C /* GameViewModel.swift */; };
		2DFFCE592F084A7000EFA68C /* LobbyViewModel.swift in Sources */ = {isa = PBXBuildFile; fileRef = 2DFFCE582F084A6C00EFA68C /* LobbyViewModel.swift */; };
		2DFFCE5B2F09293D00EFA68C /* GameState.swift in Sources */ = {isa = PBXBuildFile; fileRef = 2DFFCE5A2F09293B00EFA68C /* GameState.swift */; };
/* End PBXBuildFile section */

/* Begin PBXFileReference section */
		2D4D692E2F0412D2009C9A7B /* TrollToll.app */ = {isa = PBXFileReference; explicitFileType = wrapper.application; includeInIndex = 0; path = TrollToll.app; sourceTree = BUILT_PRODUCTS_DIR; };
		2D4D69452F0417B1009C9A7B /* Assets.xcassets */ = {isa = PBXFileReference; lastKnownFileType = folder.assetcatalog; path = Assets.xcassets; sourceTree = "<group>"; };
		2D4D69462F0417B1009C9A7B /* MainView.swift */ = {isa = PBXFileReference; lastKnownFileType = sourcecode.swift; path = MainView.swift; sourceTree = "<group>"; };
		2D4D69472F0417B1009C9A7B /* TrollTollApp.swift */ = {isa = PBXFileReference; lastKnownFileType = sourcecode.swift; path = TrollTollApp.swift; sourceTree = "<group>"; };
		2D4D694C2F0417C1009C9A7B /* Localizable.xcstrings */ = {isa = PBXFileReference; lastKnownFileType = text.json.xcstrings; path = Localizable.xcstrings; sourceTree = "<group>"; };
		2D4D69532F041985009C9A7B /* Router.swift */ = {isa = PBXFileReference; lastKnownFileType = sourcecode.swift; path = Router.swift; sourceTree = "<group>"; };
		2D4D69552F041A5E009C9A7B /* LobbyView.swift */ = {isa = PBXFileReference; lastKnownFileType = sourcecode.swift; path = LobbyView.swift; sourceTree = "<group>"; };
		2DFFCE132F04285400EFA68C /* LobbyService.swift */ = {isa = PBXFileReference; lastKnownFileType = sourcecode.swift; path = LobbyService.swift; sourceTree = "<group>"; };
		2DFFCE152F04287500EFA68C /* FBLobbyService.swift */ = {isa = PBXFileReference; lastKnownFileType = sourcecode.swift; path = FBLobbyService.swift; sourceTree = "<group>"; };
		2DFFCE172F0429FC00EFA68C /* Logger.swift */ = {isa = PBXFileReference; lastKnownFileType = sourcecode.swift; path = Logger.swift; sourceTree = "<group>"; };
		2DFFCE192F042DB900EFA68C /* TrollToll.entitlements */ = {isa = PBXFileReference; lastKnownFileType = text.plist.entitlements; path = TrollToll.entitlements; sourceTree = "<group>"; };
		2DFFCE1A2F043F1B00EFA68C /* GameView.swift */ = {isa = PBXFileReference; lastKnownFileType = sourcecode.swift; path = GameView.swift; sourceTree = "<group>"; };
		2DFFCE292F051A6F00EFA68C /* GoogleService-Info.plist */ = {isa = PBXFileReference; lastKnownFileType = text.plist.xml; path = "GoogleService-Info.plist"; sourceTree = "<group>"; };
		2DFFCE2B2F051A8500EFA68C /* AppDelegate.swift */ = {isa = PBXFileReference; lastKnownFileType = sourcecode.swift; path = AppDelegate.swift; sourceTree = "<group>"; };
		2DFFCE322F0524F600EFA68C /* Match.swift */ = {isa = PBXFileReference; lastKnownFileType = sourcecode.swift; path = Match.swift; sourceTree = "<group>"; };
		2DFFCE342F06868C00EFA68C /* User.swift */ = {isa = PBXFileReference; lastKnownFileType = sourcecode.swift; path = User.swift; sourceTree = "<group>"; };
		2DFFCE362F0687B500EFA68C /* Authenticator.swift */ = {isa = PBXFileReference; lastKnownFileType = sourcecode.swift; path = Authenticator.swift; sourceTree = "<group>"; };
		2DFFCE392F06880F00EFA68C /* FBAuthenticator.swift */ = {isa = PBXFileReference; lastKnownFileType = sourcecode.swift; path = FBAuthenticator.swift; sourceTree = "<group>"; };
		2DFFCE3C2F068B8700EFA68C /* UserRepo.swift */ = {isa = PBXFileReference; lastKnownFileType = sourcecode.swift; path = UserRepo.swift; sourceTree = "<group>"; };
		2DFFCE3E2F068BB500EFA68C /* FBUserRepo.swift */ = {isa = PBXFileReference; lastKnownFileType = sourcecode.swift; path = FBUserRepo.swift; sourceTree = "<group>"; };
		2DFFCE492F07AD7E00EFA68C /* ToastView.swift */ = {isa = PBXFileReference; lastKnownFileType = sourcecode.swift; path = ToastView.swift; sourceTree = "<group>"; };
		2DFFCE4B2F07AD9800EFA68C /* Toast.swift */ = {isa = PBXFileReference; lastKnownFileType = sourcecode.swift; path = Toast.swift; sourceTree = "<group>"; };
		2DFFCE4E2F07ADD200EFA68C /* AppColors.swift */ = {isa = PBXFileReference; lastKnownFileType = sourcecode.swift; path = AppColors.swift; sourceTree = "<group>"; };
		2DFFCE522F07F01300EFA68C /* GameService.swift */ = {isa = PBXFileReference; lastKnownFileType = sourcecode.swift; path = GameService.swift; sourceTree = "<group>"; };
		2DFFCE542F07F0DE00EFA68C /* FBGameService.swift */ = {isa = PBXFileReference; lastKnownFileType = sourcecode.swift; path = FBGameService.swift; sourceTree = "<group>"; };
		2DFFCE562F082EBD00EFA68C /* GameViewModel.swift */ = {isa = PBXFileReference; lastKnownFileType = sourcecode.swift; path = GameViewModel.swift; sourceTree = "<group>"; };
		2DFFCE582F084A6C00EFA68C /* LobbyViewModel.swift */ = {isa = PBXFileReference; lastKnownFileType = sourcecode.swift; path = LobbyViewModel.swift; sourceTree = "<group>"; };
		2DFFCE5A2F09293B00EFA68C /* GameState.swift */ = {isa = PBXFileReference; lastKnownFileType = sourcecode.swift; path = GameState.swift; sourceTree = "<group>"; };
/* End PBXFileReference section */

/* Begin PBXFrameworksBuildPhase section */
		2D4D692B2F0412D2009C9A7B /* Frameworks */ = {
			isa = PBXFrameworksBuildPhase;
			buildActionMask = 2147483647;
			files = (
				2DFFCE262F051A3000EFA68C /* FirebaseCrashlytics in Frameworks */,
				2DFFCE222F051A3000EFA68C /* FirebaseAnalytics in Frameworks */,
				2DFFCE282F051A3000EFA68C /* FirebaseDatabase in Frameworks */,
				2DFFCE242F051A3000EFA68C /* FirebaseAuth in Frameworks */,
			);
			runOnlyForDeploymentPostprocessing = 0;
		};
/* End PBXFrameworksBuildPhase section */

/* Begin PBXGroup section */
		2D4D69252F0412D2009C9A7B = {
			isa = PBXGroup;
			children = (
				2D4D69482F0417B1009C9A7B /* TrollToll */,
				2D4D692F2F0412D2009C9A7B /* Products */,
			);
			sourceTree = "<group>";
		};
		2D4D692F2F0412D2009C9A7B /* Products */ = {
			isa = PBXGroup;
			children = (
				2D4D692E2F0412D2009C9A7B /* TrollToll.app */,
			);
			name = Products;
			sourceTree = "<group>";
		};
		2D4D69482F0417B1009C9A7B /* TrollToll */ = {
			isa = PBXGroup;
			children = (
				2DFFCE312F0524EF00EFA68C /* Model */,
				2D4D69522F04190D009C9A7B /* View */,
				2DFFCE382F06880400EFA68C /* Authenticator */,
				2DFFCE512F07F00700EFA68C /* GameService */,
				2DFFCE502F07B4D400EFA68C /* LobbyService */,
				2DFFCE3B2F068B7F00EFA68C /* UserRepo */,
				2DFFCE4D2F07ADCA00EFA68C /* Util */,
				2D4D69532F041985009C9A7B /* Router.swift */,
				2D4D69472F0417B1009C9A7B /* TrollTollApp.swift */,
				2DFFCE192F042DB900EFA68C /* TrollToll.entitlements */,
				2D4D69452F0417B1009C9A7B /* Assets.xcassets */,
				2D4D694C2F0417C1009C9A7B /* Localizable.xcstrings */,
				2DFFCE292F051A6F00EFA68C /* GoogleService-Info.plist */,
			);
			path = TrollToll;
			sourceTree = "<group>";
		};
		2D4D69522F04190D009C9A7B /* View */ = {
			isa = PBXGroup;
			children = (
				2DFFCE1A2F043F1B00EFA68C /* GameView.swift */,
				2DFFCE562F082EBD00EFA68C /* GameViewModel.swift */,
				2D4D69552F041A5E009C9A7B /* LobbyView.swift */,
				2DFFCE582F084A6C00EFA68C /* LobbyViewModel.swift */,
				2D4D69462F0417B1009C9A7B /* MainView.swift */,
				2DFFCE482F07AD7100EFA68C /* Auxiliary */,
			);
			path = View;
			sourceTree = "<group>";
		};
		2DFFCE312F0524EF00EFA68C /* Model */ = {
			isa = PBXGroup;
			children = (
				2DFFCE5A2F09293B00EFA68C /* GameState.swift */,
				2DFFCE322F0524F600EFA68C /* Match.swift */,
				2DFFCE4B2F07AD9800EFA68C /* Toast.swift */,
				2DFFCE342F06868C00EFA68C /* User.swift */,
			);
			path = Model;
			sourceTree = "<group>";
		};
		2DFFCE382F06880400EFA68C /* Authenticator */ = {
			isa = PBXGroup;
			children = (
				2DFFCE362F0687B500EFA68C /* Authenticator.swift */,
				2DFFCE392F06880F00EFA68C /* FBAuthenticator.swift */,
			);
			path = Authenticator;
			sourceTree = "<group>";
		};
		2DFFCE3B2F068B7F00EFA68C /* UserRepo */ = {
			isa = PBXGroup;
			children = (
				2DFFCE3C2F068B8700EFA68C /* UserRepo.swift */,
				2DFFCE3E2F068BB500EFA68C /* FBUserRepo.swift */,
			);
			path = UserRepo;
			sourceTree = "<group>";
		};
		2DFFCE482F07AD7100EFA68C /* Auxiliary */ = {
			isa = PBXGroup;
			children = (
				2DFFCE492F07AD7E00EFA68C /* ToastView.swift */,
			);
			path = Auxiliary;
			sourceTree = "<group>";
		};
		2DFFCE4D2F07ADCA00EFA68C /* Util */ = {
			isa = PBXGroup;
			children = (
				2DFFCE4E2F07ADD200EFA68C /* AppColors.swift */,
				2DFFCE2B2F051A8500EFA68C /* AppDelegate.swift */,
				2DFFCE172F0429FC00EFA68C /* Logger.swift */,
			);
			path = Util;
			sourceTree = "<group>";
		};
		2DFFCE502F07B4D400EFA68C /* LobbyService */ = {
			isa = PBXGroup;
			children = (
				2DFFCE132F04285400EFA68C /* LobbyService.swift */,
				2DFFCE152F04287500EFA68C /* FBLobbyService.swift */,
			);
			path = LobbyService;
			sourceTree = "<group>";
		};
		2DFFCE512F07F00700EFA68C /* GameService */ = {
			isa = PBXGroup;
			children = (
				2DFFCE522F07F01300EFA68C /* GameService.swift */,
				2DFFCE542F07F0DE00EFA68C /* FBGameService.swift */,
			);
			path = GameService;
			sourceTree = "<group>";
		};
/* End PBXGroup section */

/* Begin PBXNativeTarget section */
		2D4D692D2F0412D2009C9A7B /* TrollToll */ = {
			isa = PBXNativeTarget;
			buildConfigurationList = 2D4D69392F0412D4009C9A7B /* Build configuration list for PBXNativeTarget "TrollToll" */;
			buildPhases = (
				2D4D692A2F0412D2009C9A7B /* Sources */,
				2D4D69412F04154C009C9A7B /* SwiftLint */,
				2D4D692B2F0412D2009C9A7B /* Frameworks */,
				2D4D692C2F0412D2009C9A7B /* Resources */,
			);
			buildRules = (
			);
			dependencies = (
			);
			name = TrollToll;
			packageProductDependencies = (
				2DFFCE212F051A3000EFA68C /* FirebaseAnalytics */,
				2DFFCE232F051A3000EFA68C /* FirebaseAuth */,
				2DFFCE252F051A3000EFA68C /* FirebaseCrashlytics */,
				2DFFCE272F051A3000EFA68C /* FirebaseDatabase */,
			);
			productName = TrollToll;
			productReference = 2D4D692E2F0412D2009C9A7B /* TrollToll.app */;
			productType = "com.apple.product-type.application";
		};
/* End PBXNativeTarget section */

/* Begin PBXProject section */
		2D4D69262F0412D2009C9A7B /* Project object */ = {
			isa = PBXProject;
			attributes = {
				BuildIndependentTargetsInParallel = 1;
				LastSwiftUpdateCheck = 2620;
				LastUpgradeCheck = 2620;
				TargetAttributes = {
					2D4D692D2F0412D2009C9A7B = {
						CreatedOnToolsVersion = 26.2;
					};
				};
			};
			buildConfigurationList = 2D4D69292F0412D2009C9A7B /* Build configuration list for PBXProject "TrollToll" */;
			developmentRegion = en;
			hasScannedForEncodings = 0;
			knownRegions = (
				en,
				Base,
			);
			mainGroup = 2D4D69252F0412D2009C9A7B;
			minimizedProjectReferenceProxies = 1;
			packageReferences = (
				2D4D69402F04149D009C9A7B /* XCRemoteSwiftPackageReference "SwiftLintPlugins" */,
				2DFFCE202F051A3000EFA68C /* XCRemoteSwiftPackageReference "firebase-ios-sdk" */,
			);
			preferredProjectObjectVersion = 77;
			productRefGroup = 2D4D692F2F0412D2009C9A7B /* Products */;
			projectDirPath = "";
			projectRoot = "";
			targets = (
				2D4D692D2F0412D2009C9A7B /* TrollToll */,
			);
		};
/* End PBXProject section */

/* Begin PBXResourcesBuildPhase section */
		2D4D692C2F0412D2009C9A7B /* Resources */ = {
			isa = PBXResourcesBuildPhase;
			buildActionMask = 2147483647;
			files = (
				2D4D694D2F0417C1009C9A7B /* Localizable.xcstrings in Resources */,
				2D4D69492F0417B1009C9A7B /* Assets.xcassets in Resources */,
				2DFFCE2A2F051A6F00EFA68C /* GoogleService-Info.plist in Resources */,
			);
			runOnlyForDeploymentPostprocessing = 0;
		};
/* End PBXResourcesBuildPhase section */

/* Begin PBXShellScriptBuildPhase section */
		2D4D69412F04154C009C9A7B /* SwiftLint */ = {
			isa = PBXShellScriptBuildPhase;
			alwaysOutOfDate = 1;
			buildActionMask = 2147483647;
			files = (
			);
			inputFileListPaths = (
			);
			inputPaths = (
			);
			name = SwiftLint;
			outputFileListPaths = (
			);
			outputPaths = (
			);
			runOnlyForDeploymentPostprocessing = 0;
			shellPath = /bin/sh;
			shellScript = "if [ \"${CONFIGURATION}\" = \"Debug\" ]; then\n    export PATH=\"$PATH:/opt/homebrew/bin\"\n    if which swiftlint >/dev/null; then\n        swiftlint\n    else\n        echo \"warning: Swiftlint is not installed\"\n    fi\nfi\n";
		};
/* End PBXShellScriptBuildPhase section */

/* Begin PBXSourcesBuildPhase section */
		2D4D692A2F0412D2009C9A7B /* Sources */ = {
			isa = PBXSourcesBuildPhase;
			buildActionMask = 2147483647;
			files = (
				2DFFCE4A2F07AD8100EFA68C /* ToastView.swift in Sources */,
				2DFFCE142F04285A00EFA68C /* LobbyService.swift in Sources */,
				2DFFCE4C2F07AD9B00EFA68C /* Toast.swift in Sources */,
				2D4D694A2F0417B1009C9A7B /* MainView.swift in Sources */,
				2D4D69542F041986009C9A7B /* Router.swift in Sources */,
				2DFFCE552F07F0E200EFA68C /* FBGameService.swift in Sources */,
				2DFFCE572F082EC000EFA68C /* GameViewModel.swift in Sources */,
				2DFFCE332F0524F800EFA68C /* Match.swift in Sources */,
				2DFFCE3F2F068BBA00EFA68C /* FBUserRepo.swift in Sources */,
				2DFFCE3D2F068B8A00EFA68C /* UserRepo.swift in Sources */,
				2DFFCE2C2F051A8700EFA68C /* AppDelegate.swift in Sources */,
				2DFFCE4F2F07ADD300EFA68C /* AppColors.swift in Sources */,
				2DFFCE5B2F09293D00EFA68C /* GameState.swift in Sources */,
				2DFFCE372F0687BA00EFA68C /* Authenticator.swift in Sources */,
				2DFFCE592F084A7000EFA68C /* LobbyViewModel.swift in Sources */,
				2D4D694B2F0417B1009C9A7B /* TrollTollApp.swift in Sources */,
				2DFFCE182F0429FD00EFA68C /* Logger.swift in Sources */,
				2DFFCE3A2F06881400EFA68C /* FBAuthenticator.swift in Sources */,
				2DFFCE532F07F04F00EFA68C /* GameService.swift in Sources */,
				2D4D69562F041A61009C9A7B /* LobbyView.swift in Sources */,
				2DFFCE1B2F043F1D00EFA68C /* GameView.swift in Sources */,
				2DFFCE162F04287A00EFA68C /* FBLobbyService.swift in Sources */,
				2DFFCE352F06868E00EFA68C /* User.swift in Sources */,
			);
			runOnlyForDeploymentPostprocessing = 0;
		};
/* End PBXSourcesBuildPhase section */

/* Begin XCBuildConfiguration section */
		2D4D69372F0412D4009C9A7B /* Debug */ = {
			isa = XCBuildConfiguration;
			buildSettings = {
				ALWAYS_SEARCH_USER_PATHS = NO;
				ASSETCATALOG_COMPILER_GENERATE_SWIFT_ASSET_SYMBOL_EXTENSIONS = YES;
				CLANG_ANALYZER_NONNULL = YES;
				CLANG_ANALYZER_NUMBER_OBJECT_CONVERSION = YES_AGGRESSIVE;
				CLANG_CXX_LANGUAGE_STANDARD = "gnu++20";
				CLANG_ENABLE_MODULES = YES;
				CLANG_ENABLE_OBJC_ARC = YES;
				CLANG_ENABLE_OBJC_WEAK = YES;
				CLANG_WARN_BLOCK_CAPTURE_AUTORELEASING = YES;
				CLANG_WARN_BOOL_CONVERSION = YES;
				CLANG_WARN_COMMA = YES;
				CLANG_WARN_CONSTANT_CONVERSION = YES;
				CLANG_WARN_DEPRECATED_OBJC_IMPLEMENTATIONS = YES;
				CLANG_WARN_DIRECT_OBJC_ISA_USAGE = YES_ERROR;
				CLANG_WARN_DOCUMENTATION_COMMENTS = YES;
				CLANG_WARN_EMPTY_BODY = YES;
				CLANG_WARN_ENUM_CONVERSION = YES;
				CLANG_WARN_INFINITE_RECURSION = YES;
				CLANG_WARN_INT_CONVERSION = YES;
				CLANG_WARN_NON_LITERAL_NULL_CONVERSION = YES;
				CLANG_WARN_OBJC_IMPLICIT_RETAIN_SELF = YES;
				CLANG_WARN_OBJC_LITERAL_CONVERSION = YES;
				CLANG_WARN_OBJC_ROOT_CLASS = YES_ERROR;
				CLANG_WARN_QUOTED_INCLUDE_IN_FRAMEWORK_HEADER = YES;
				CLANG_WARN_RANGE_LOOP_ANALYSIS = YES;
				CLANG_WARN_STRICT_PROTOTYPES = YES;
				CLANG_WARN_SUSPICIOUS_MOVE = YES;
				CLANG_WARN_UNGUARDED_AVAILABILITY = YES_AGGRESSIVE;
				CLANG_WARN_UNREACHABLE_CODE = YES;
				CLANG_WARN__DUPLICATE_METHOD_MATCH = YES;
				COPY_PHASE_STRIP = NO;
				DEBUG_INFORMATION_FORMAT = dwarf;
				DEVELOPMENT_TEAM = SCHMT432RZ;
				ENABLE_STRICT_OBJC_MSGSEND = YES;
				ENABLE_TESTABILITY = YES;
				ENABLE_USER_SCRIPT_SANDBOXING = YES;
				GCC_C_LANGUAGE_STANDARD = gnu17;
				GCC_DYNAMIC_NO_PIC = NO;
				GCC_NO_COMMON_BLOCKS = YES;
				GCC_OPTIMIZATION_LEVEL = 0;
				GCC_PREPROCESSOR_DEFINITIONS = (
					"DEBUG=1",
					"$(inherited)",
				);
				GCC_WARN_64_TO_32_BIT_CONVERSION = YES;
				GCC_WARN_ABOUT_RETURN_TYPE = YES_ERROR;
				GCC_WARN_UNDECLARED_SELECTOR = YES;
				GCC_WARN_UNINITIALIZED_AUTOS = YES_AGGRESSIVE;
				GCC_WARN_UNUSED_FUNCTION = YES;
				GCC_WARN_UNUSED_VARIABLE = YES;
				IPHONEOS_DEPLOYMENT_TARGET = 26.2;
				LOCALIZATION_PREFERS_STRING_CATALOGS = YES;
				MTL_ENABLE_DEBUG_INFO = INCLUDE_SOURCE;
				MTL_FAST_MATH = YES;
				ONLY_ACTIVE_ARCH = YES;
				SDKROOT = iphoneos;
				SWIFT_ACTIVE_COMPILATION_CONDITIONS = "DEBUG $(inherited)";
				SWIFT_EMIT_LOC_STRINGS = YES;
				SWIFT_OPTIMIZATION_LEVEL = "-Onone";
			};
			name = Debug;
		};
		2D4D69382F0412D4009C9A7B /* Release */ = {
			isa = XCBuildConfiguration;
			buildSettings = {
				ALWAYS_SEARCH_USER_PATHS = NO;
				ASSETCATALOG_COMPILER_GENERATE_SWIFT_ASSET_SYMBOL_EXTENSIONS = YES;
				CLANG_ANALYZER_NONNULL = YES;
				CLANG_ANALYZER_NUMBER_OBJECT_CONVERSION = YES_AGGRESSIVE;
				CLANG_CXX_LANGUAGE_STANDARD = "gnu++20";
				CLANG_ENABLE_MODULES = YES;
				CLANG_ENABLE_OBJC_ARC = YES;
				CLANG_ENABLE_OBJC_WEAK = YES;
				CLANG_WARN_BLOCK_CAPTURE_AUTORELEASING = YES;
				CLANG_WARN_BOOL_CONVERSION = YES;
				CLANG_WARN_COMMA = YES;
				CLANG_WARN_CONSTANT_CONVERSION = YES;
				CLANG_WARN_DEPRECATED_OBJC_IMPLEMENTATIONS = YES;
				CLANG_WARN_DIRECT_OBJC_ISA_USAGE = YES_ERROR;
				CLANG_WARN_DOCUMENTATION_COMMENTS = YES;
				CLANG_WARN_EMPTY_BODY = YES;
				CLANG_WARN_ENUM_CONVERSION = YES;
				CLANG_WARN_INFINITE_RECURSION = YES;
				CLANG_WARN_INT_CONVERSION = YES;
				CLANG_WARN_NON_LITERAL_NULL_CONVERSION = YES;
				CLANG_WARN_OBJC_IMPLICIT_RETAIN_SELF = YES;
				CLANG_WARN_OBJC_LITERAL_CONVERSION = YES;
				CLANG_WARN_OBJC_ROOT_CLASS = YES_ERROR;
				CLANG_WARN_QUOTED_INCLUDE_IN_FRAMEWORK_HEADER = YES;
				CLANG_WARN_RANGE_LOOP_ANALYSIS = YES;
				CLANG_WARN_STRICT_PROTOTYPES = YES;
				CLANG_WARN_SUSPICIOUS_MOVE = YES;
				CLANG_WARN_UNGUARDED_AVAILABILITY = YES_AGGRESSIVE;
				CLANG_WARN_UNREACHABLE_CODE = YES;
				CLANG_WARN__DUPLICATE_METHOD_MATCH = YES;
				COPY_PHASE_STRIP = NO;
				DEBUG_INFORMATION_FORMAT = "dwarf-with-dsym";
				DEVELOPMENT_TEAM = SCHMT432RZ;
				ENABLE_NS_ASSERTIONS = NO;
				ENABLE_STRICT_OBJC_MSGSEND = YES;
				ENABLE_USER_SCRIPT_SANDBOXING = YES;
				GCC_C_LANGUAGE_STANDARD = gnu17;
				GCC_NO_COMMON_BLOCKS = YES;
				GCC_WARN_64_TO_32_BIT_CONVERSION = YES;
				GCC_WARN_ABOUT_RETURN_TYPE = YES_ERROR;
				GCC_WARN_UNDECLARED_SELECTOR = YES;
				GCC_WARN_UNINITIALIZED_AUTOS = YES_AGGRESSIVE;
				GCC_WARN_UNUSED_FUNCTION = YES;
				GCC_WARN_UNUSED_VARIABLE = YES;
				IPHONEOS_DEPLOYMENT_TARGET = 26.2;
				LOCALIZATION_PREFERS_STRING_CATALOGS = YES;
				MTL_ENABLE_DEBUG_INFO = NO;
				MTL_FAST_MATH = YES;
				SDKROOT = iphoneos;
				SWIFT_COMPILATION_MODE = wholemodule;
				SWIFT_EMIT_LOC_STRINGS = YES;
				VALIDATE_PRODUCT = YES;
			};
			name = Release;
		};
		2D4D693A2F0412D4009C9A7B /* Debug */ = {
			isa = XCBuildConfiguration;
			buildSettings = {
				ASSETCATALOG_COMPILER_APPICON_NAME = AppIcon;
				ASSETCATALOG_COMPILER_GLOBAL_ACCENT_COLOR_NAME = AccentColor;
				CODE_SIGN_ENTITLEMENTS = TrollToll/TrollToll.entitlements;
				CODE_SIGN_STYLE = Automatic;
				CURRENT_PROJECT_VERSION = 1;
				DEVELOPMENT_TEAM = SCHMT432RZ;
				ENABLE_PREVIEWS = YES;
				ENABLE_USER_SCRIPT_SANDBOXING = NO;
				GENERATE_INFOPLIST_FILE = YES;
				INFOPLIST_KEY_UIApplicationSceneManifest_Generation = YES;
				INFOPLIST_KEY_UIApplicationSupportsIndirectInputEvents = YES;
				INFOPLIST_KEY_UILaunchScreen_Generation = YES;
				INFOPLIST_KEY_UISupportedInterfaceOrientations_iPad = "UIInterfaceOrientationPortrait UIInterfaceOrientationPortraitUpsideDown UIInterfaceOrientationLandscapeLeft UIInterfaceOrientationLandscapeRight";
				INFOPLIST_KEY_UISupportedInterfaceOrientations_iPhone = "UIInterfaceOrientationPortrait UIInterfaceOrientationLandscapeLeft UIInterfaceOrientationLandscapeRight";
				IPHONEOS_DEPLOYMENT_TARGET = 18.6;
				LD_RUNPATH_SEARCH_PATHS = (
					"$(inherited)",
					"@executable_path/Frameworks",
				);
				MARKETING_VERSION = 1.0;
				PRODUCT_BUNDLE_IDENTIFIER = app.bivium.trolltoll;
				PRODUCT_NAME = "$(TARGET_NAME)";
				STRING_CATALOG_GENERATE_SYMBOLS = YES;
				SWIFT_APPROACHABLE_CONCURRENCY = YES;
				SWIFT_DEFAULT_ACTOR_ISOLATION = MainActor;
				SWIFT_EMIT_LOC_STRINGS = YES;
				SWIFT_UPCOMING_FEATURE_MEMBER_IMPORT_VISIBILITY = YES;
				SWIFT_VERSION = 5.0;
				TARGETED_DEVICE_FAMILY = "1,2";
			};
			name = Debug;
		};
		2D4D693B2F0412D4009C9A7B /* Release */ = {
			isa = XCBuildConfiguration;
			buildSettings = {
				ASSETCATALOG_COMPILER_APPICON_NAME = AppIcon;
				ASSETCATALOG_COMPILER_GLOBAL_ACCENT_COLOR_NAME = AccentColor;
				CODE_SIGN_ENTITLEMENTS = TrollToll/TrollToll.entitlements;
				CODE_SIGN_STYLE = Automatic;
				CURRENT_PROJECT_VERSION = 1;
				DEVELOPMENT_TEAM = SCHMT432RZ;
				ENABLE_PREVIEWS = YES;
				ENABLE_USER_SCRIPT_SANDBOXING = NO;
				GENERATE_INFOPLIST_FILE = YES;
				INFOPLIST_KEY_UIApplicationSceneManifest_Generation = YES;
				INFOPLIST_KEY_UIApplicationSupportsIndirectInputEvents = YES;
				INFOPLIST_KEY_UILaunchScreen_Generation = YES;
				INFOPLIST_KEY_UISupportedInterfaceOrientations_iPad = "UIInterfaceOrientationPortrait UIInterfaceOrientationPortraitUpsideDown UIInterfaceOrientationLandscapeLeft UIInterfaceOrientationLandscapeRight";
				INFOPLIST_KEY_UISupportedInterfaceOrientations_iPhone = "UIInterfaceOrientationPortrait UIInterfaceOrientationLandscapeLeft UIInterfaceOrientationLandscapeRight";
				IPHONEOS_DEPLOYMENT_TARGET = 18.6;
				LD_RUNPATH_SEARCH_PATHS = (
					"$(inherited)",
					"@executable_path/Frameworks",
				);
				MARKETING_VERSION = 1.0;
				PRODUCT_BUNDLE_IDENTIFIER = app.bivium.trolltoll;
				PRODUCT_NAME = "$(TARGET_NAME)";
				STRING_CATALOG_GENERATE_SYMBOLS = YES;
				SWIFT_APPROACHABLE_CONCURRENCY = YES;
				SWIFT_DEFAULT_ACTOR_ISOLATION = MainActor;
				SWIFT_EMIT_LOC_STRINGS = YES;
				SWIFT_UPCOMING_FEATURE_MEMBER_IMPORT_VISIBILITY = YES;
				SWIFT_VERSION = 5.0;
				TARGETED_DEVICE_FAMILY = "1,2";
			};
			name = Release;
		};
/* End XCBuildConfiguration section */

/* Begin XCConfigurationList section */
		2D4D69292F0412D2009C9A7B /* Build configuration list for PBXProject "TrollToll" */ = {
			isa = XCConfigurationList;
			buildConfigurations = (
				2D4D69372F0412D4009C9A7B /* Debug */,
				2D4D69382F0412D4009C9A7B /* Release */,
			);
			defaultConfigurationIsVisible = 0;
			defaultConfigurationName = Release;
		};
		2D4D69392F0412D4009C9A7B /* Build configuration list for PBXNativeTarget "TrollToll" */ = {
			isa = XCConfigurationList;
			buildConfigurations = (
				2D4D693A2F0412D4009C9A7B /* Debug */,
				2D4D693B2F0412D4009C9A7B /* Release */,
			);
			defaultConfigurationIsVisible = 0;
			defaultConfigurationName = Release;
		};
/* End XCConfigurationList section */

/* Begin XCRemoteSwiftPackageReference section */
		2D4D69402F04149D009C9A7B /* XCRemoteSwiftPackageReference "SwiftLintPlugins" */ = {
			isa = XCRemoteSwiftPackageReference;
			repositoryURL = "https://github.com/SimplyDanny/SwiftLintPlugins";
			requirement = {
				kind = upToNextMajorVersion;
				minimumVersion = 0.62.2;
			};
		};
		2DFFCE202F051A3000EFA68C /* XCRemoteSwiftPackageReference "firebase-ios-sdk" */ = {
			isa = XCRemoteSwiftPackageReference;
			repositoryURL = "https://github.com/firebase/firebase-ios-sdk";
			requirement = {
				kind = upToNextMajorVersion;
				minimumVersion = 12.7.0;
			};
		};
/* End XCRemoteSwiftPackageReference section */

/* Begin XCSwiftPackageProductDependency section */
		2DFFCE212F051A3000EFA68C /* FirebaseAnalytics */ = {
			isa = XCSwiftPackageProductDependency;
			package = 2DFFCE202F051A3000EFA68C /* XCRemoteSwiftPackageReference "firebase-ios-sdk" */;
			productName = FirebaseAnalytics;
		};
		2DFFCE232F051A3000EFA68C /* FirebaseAuth */ = {
			isa = XCSwiftPackageProductDependency;
			package = 2DFFCE202F051A3000EFA68C /* XCRemoteSwiftPackageReference "firebase-ios-sdk" */;
			productName = FirebaseAuth;
		};
		2DFFCE252F051A3000EFA68C /* FirebaseCrashlytics */ = {
			isa = XCSwiftPackageProductDependency;
			package = 2DFFCE202F051A3000EFA68C /* XCRemoteSwiftPackageReference "firebase-ios-sdk" */;
			productName = FirebaseCrashlytics;
		};
		2DFFCE272F051A3000EFA68C /* FirebaseDatabase */ = {
			isa = XCSwiftPackageProductDependency;
			package = 2DFFCE202F051A3000EFA68C /* XCRemoteSwiftPackageReference "firebase-ios-sdk" */;
			productName = FirebaseDatabase;
		};
/* End XCSwiftPackageProductDependency section */
	};
	rootObject = 2D4D69262F0412D2009C9A7B /* Project object */;
}
